
Microsoft Visual Studio Solution File, Format Version 12.00
# Visual Studio Version 17
VisualStudioVersion = 17.9.34622.214
MinimumVisualStudioVersion = 10.0.40219.1
Project("{FAE04EC0-301F-11D3-BF4B-00C04F79EFBC}") = "Proyecto10AbrilBack", "Proyecto10AbrilBack\Proyecto10AbrilBack.csproj", "{F8CE0B07-3C0F-4777-9E34-21645BB7726D}"
EndProject
Global
	GlobalSection(SolutionConfigurationPlatforms) = preSolution
		Debug|Any CPU = Debug|Any CPU
		Release|Any CPU = Release|Any CPU
	EndGlobalSection
	GlobalSection(ProjectConfigurationPlatforms) = postSolution
		{F8CE0B07-3C0F-4777-9E34-21645BB7726D}.Debug|Any CPU.ActiveCfg = Debug|Any CPU
		{F8CE0B07-3C0F-4777-9E34-21645BB7726D}.Debug|Any CPU.Build.0 = Debug|Any CPU
		{F8CE0B07-3C0F-4777-9E34-21645BB7726D}.Release|Any CPU.ActiveCfg = Release|Any CPU
		{F8CE0B07-3C0F-4777-9E34-21645BB7726D}.Release|Any CPU.Build.0 = Release|Any CPU
	EndGlobalSection
	GlobalSection(SolutionProperties) = preSolution
		HideSolutionNode = FALSE
	EndGlobalSection
	GlobalSection(ExtensibilityGlobals) = postSolution
		SolutionGuid = {1B6D37BC-B586-4FAD-8DEB-E045492D31A1}
	EndGlobalSection
EndGlobal
